
Microsoft Visual Studio Solution File, Format Version 12.00
# Visual Studio Version 17
VisualStudioVersion = 17.5.2.0
MinimumVisualStudioVersion = 10.0.40219.1
Project("{FAE04EC0-301F-11D3-BF4B-00C04F79EFBC}") = "EBooking", "EBooking\EBooking.csproj", "{099B870A-0D8E-C979-0EF5-131024F7038A}"
EndProject
Project("{FAE04EC0-301F-11D3-BF4B-00C04F79EFBC}") = "EBooking.Tests", "EBooking.Tests\EBooking.Tests.csproj", "{889ECCCC-E6B4-4727-BD2E-6D863F46A713}"
EndProject
Global
	GlobalSection(SolutionConfigurationPlatforms) = preSolution
		Debug|Any CPU = Debug|Any CPU
		Debug|x64 = Debug|x64
		Debug|x86 = Debug|x86
		Release|Any CPU = Release|Any CPU
		Release|x64 = Release|x64
		Release|x86 = Release|x86
	EndGlobalSection
	GlobalSection(ProjectConfigurationPlatforms) = postSolution
		{099B870A-0D8E-C979-0EF5-131024F7038A}.Debug|Any CPU.ActiveCfg = Debug|Any CPU
		{099B870A-0D8E-C979-0EF5-131024F7038A}.Debug|Any CPU.Build.0 = Debug|Any CPU
		{099B870A-0D8E-C979-0EF5-131024F7038A}.Debug|x64.ActiveCfg = Debug|Any CPU
		{099B870A-0D8E-C979-0EF5-131024F7038A}.Debug|x64.Build.0 = Debug|Any CPU
		{099B870A-0D8E-C979-0EF5-131024F7038A}.Debug|x86.ActiveCfg = Debug|Any CPU
		{099B870A-0D8E-C979-0EF5-131024F7038A}.Debug|x86.Build.0 = Debug|Any CPU
		{099B870A-0D8E-C979-0EF5-131024F7038A}.Release|Any CPU.ActiveCfg = Release|Any CPU
		{099B870A-0D8E-C979-0EF5-131024F7038A}.Release|Any CPU.Build.0 = Release|Any CPU
		{099B870A-0D8E-C979-0EF5-131024F7038A}.Release|x64.ActiveCfg = Release|Any CPU
		{099B870A-0D8E-C979-0EF5-131024F7038A}.Release|x64.Build.0 = Release|Any CPU
		{099B870A-0D8E-C979-0EF5-131024F7038A}.Release|x86.ActiveCfg = Release|Any CPU
		{099B870A-0D8E-C979-0EF5-131024F7038A}.Release|x86.Build.0 = Release|Any CPU
		{889ECCCC-E6B4-4727-BD2E-6D863F46A713}.Debug|Any CPU.ActiveCfg = Debug|Any CPU
		{889ECCCC-E6B4-4727-BD2E-6D863F46A713}.Debug|Any CPU.Build.0 = Debug|Any CPU
		{889ECCCC-E6B4-4727-BD2E-6D863F46A713}.Debug|x64.ActiveCfg = Debug|Any CPU
		{889ECCCC-E6B4-4727-BD2E-6D863F46A713}.Debug|x64.Build.0 = Debug|Any CPU
		{889ECCCC-E6B4-4727-BD2E-6D863F46A713}.Debug|x86.ActiveCfg = Debug|Any CPU
		{889ECCCC-E6B4-4727-BD2E-6D863F46A713}.Debug|x86.Build.0 = Debug|Any CPU
		{889ECCCC-E6B4-4727-BD2E-6D863F46A713}.Release|Any CPU.ActiveCfg = Release|Any CPU
		{889ECCCC-E6B4-4727-BD2E-6D863F46A713}.Release|Any CPU.Build.0 = Release|Any CPU
		{889ECCCC-E6B4-4727-BD2E-6D863F46A713}.Release|x64.ActiveCfg = Release|Any CPU
		{889ECCCC-E6B4-4727-BD2E-6D863F46A713}.Release|x64.Build.0 = Release|Any CPU
		{889ECCCC-E6B4-4727-BD2E-6D863F46A713}.Release|x86.ActiveCfg = Release|Any CPU
		{889ECCCC-E6B4-4727-BD2E-6D863F46A713}.Release|x86.Build.0 = Release|Any CPU
	EndGlobalSection
	GlobalSection(SolutionProperties) = preSolution
		HideSolutionNode = FALSE
	EndGlobalSection
	GlobalSection(ExtensibilityGlobals) = postSolution
		SolutionGuid = {8FD39BD1-6B0A-4B89-B510-99A865A40863}
	EndGlobalSection
EndGlobal
