
Microsoft Visual Studio Solution File, Format Version 12.00
# Visual Studio Version 17
VisualStudioVersion = 17.5.2.0
MinimumVisualStudioVersion = 10.0.40219.1
Project("{2150E333-8FDC-42A3-9474-1A3956D46DE8}") = "src", "src", "{827E0CD3-B72D-47B6-A68D-7590B98EB39B}"
EndProject
Project("{2150E333-8FDC-42A3-9474-1A3956D46DE8}") = "Blocks", "Blocks", "{FE014895-D8BF-3492-8783-351AC6D606E7}"
EndProject
Project("{FAE04EC0-301F-11D3-BF4B-00C04F79EFBC}") = "EBooking.Contracts", "src\Blocks\EBooking.Contracts\EBooking.Contracts.csproj", "{EA423639-6291-4D3F-9BA3-76B7D19F0462}"
EndProject
Project("{2150E333-8FDC-42A3-9474-1A3956D46DE8}") = "Services", "Services", "{984BB9B3-3FA3-BE33-9484-CAC21695A33C}"
EndProject
Project("{2150E333-8FDC-42A3-9474-1A3956D46DE8}") = "Users", "Users", "{E19C77F4-0114-A26A-3F6E-A6CDC9D84385}"
EndProject
Project("{FAE04EC0-301F-11D3-BF4B-00C04F79EFBC}") = "EBooking.Users.Domain", "src\Services\Users\EBooking.Users.Domain\EBooking.Users.Domain.csproj", "{529424BA-B6A4-4444-8AD0-E9D45994707C}"
EndProject
Project("{FAE04EC0-301F-11D3-BF4B-00C04F79EFBC}") = "EBooking.Users.Application", "src\Services\Users\EBooking.Users.Application\EBooking.Users.Application.csproj", "{D9D37F40-BA94-45D5-A8AD-054C7AEE922D}"
EndProject
Project("{FAE04EC0-301F-11D3-BF4B-00C04F79EFBC}") = "EBooking.Users.Infrastructure", "src\Services\Users\EBooking.Users.Infrastructure\EBooking.Users.Infrastructure.csproj", "{9DECE911-F6E7-4141-894C-7E13E8D697CC}"
EndProject
Project("{FAE04EC0-301F-11D3-BF4B-00C04F79EFBC}") = "EBooking.Users.Api", "src\Services\Users\EBooking.Users.Api\EBooking.Users.Api.csproj", "{AF104937-7EBE-421A-B106-455817F7109C}"
EndProject
Project("{2150E333-8FDC-42A3-9474-1A3956D46DE8}") = "Events", "Events", "{D4D2386B-2EB3-B123-B9A2-A224B8047731}"
EndProject
Project("{FAE04EC0-301F-11D3-BF4B-00C04F79EFBC}") = "EBooking.Events.Domain", "src\Services\Events\EBooking.Events.Domain\EBooking.Events.Domain.csproj", "{B02F7B4C-9CAB-4131-92FE-E97B937A856E}"
EndProject
Project("{FAE04EC0-301F-11D3-BF4B-00C04F79EFBC}") = "EBooking.Events.Application", "src\Services\Events\EBooking.Events.Application\EBooking.Events.Application.csproj", "{4698A96E-E71D-497F-8A5D-BBF915344A24}"
EndProject
Project("{FAE04EC0-301F-11D3-BF4B-00C04F79EFBC}") = "EBooking.Events.Infrastructure", "src\Services\Events\EBooking.Events.Infrastructure\EBooking.Events.Infrastructure.csproj", "{9ED122C3-F72F-4799-8916-2BB55F8E5103}"
EndProject
Project("{FAE04EC0-301F-11D3-BF4B-00C04F79EFBC}") = "EBooking.Events.Api", "src\Services\Events\EBooking.Events.Api\EBooking.Events.Api.csproj", "{7A7B2E35-87C8-4D25-8CAD-21AEE13B14DA}"
EndProject
Project("{2150E333-8FDC-42A3-9474-1A3956D46DE8}") = "Bookings", "Bookings", "{4F30E5BA-E75B-E712-7D33-614FD745B8FF}"
EndProject
Project("{FAE04EC0-301F-11D3-BF4B-00C04F79EFBC}") = "EBooking.Bookings.Domain", "src\Services\Bookings\EBooking.Bookings.Domain\EBooking.Bookings.Domain.csproj", "{2925CFC4-0F7C-4D39-B748-27B74D954B0C}"
EndProject
Project("{FAE04EC0-301F-11D3-BF4B-00C04F79EFBC}") = "EBooking.Bookings.Application", "src\Services\Bookings\EBooking.Bookings.Application\EBooking.Bookings.Application.csproj", "{DE5787DB-6F29-4A47-894A-B6842183A136}"
EndProject
Project("{FAE04EC0-301F-11D3-BF4B-00C04F79EFBC}") = "EBooking.Bookings.Infrastructure", "src\Services\Bookings\EBooking.Bookings.Infrastructure\EBooking.Bookings.Infrastructure.csproj", "{2D60EC0C-BD6B-41F3-AB13-82AE57B35828}"
EndProject
Project("{FAE04EC0-301F-11D3-BF4B-00C04F79EFBC}") = "EBooking.Bookings.Api", "src\Services\Bookings\EBooking.Bookings.Api\EBooking.Bookings.Api.csproj", "{BEF4A34E-916B-4C83-8713-14518A0E08F4}"
EndProject
Project("{2150E333-8FDC-42A3-9474-1A3956D46DE8}") = "tests", "tests", "{0AB3BF05-4346-4AA6-1389-037BE0695223}"
EndProject
Project("{2150E333-8FDC-42A3-9474-1A3956D46DE8}") = "Users", "Users", "{553D81D4-666B-BE26-75F9-480CB214ACEE}"
EndProject
Project("{FAE04EC0-301F-11D3-BF4B-00C04F79EFBC}") = "EBooking.Users.Tests", "tests\Users\EBooking.Users.Tests\EBooking.Users.Tests.csproj", "{87CA55E1-1861-4786-9AAF-731C125762F5}"
EndProject
Project("{FAE04EC0-301F-11D3-BF4B-00C04F79EFBC}") = "EBooking.Users.IntegrationTests", "tests\Users\EBooking.Users.IntegrationTests\EBooking.Users.IntegrationTests.csproj", "{A6839D4C-4473-47B6-BF36-FBB99446E374}"
EndProject
Project("{2150E333-8FDC-42A3-9474-1A3956D46DE8}") = "Events", "Events", "{B6F583D1-21F3-9FE8-D172-127D6E564CC5}"
EndProject
Project("{FAE04EC0-301F-11D3-BF4B-00C04F79EFBC}") = "EBooking.Events.Tests", "tests\Events\EBooking.Events.Tests\EBooking.Events.Tests.csproj", "{B9AF1ED4-BAFC-4BB6-9691-0A390955D124}"
EndProject
Project("{FAE04EC0-301F-11D3-BF4B-00C04F79EFBC}") = "EBooking.Events.IntegrationTests", "tests\Events\EBooking.Events.IntegrationTests\EBooking.Events.IntegrationTests.csproj", "{347A87D5-F761-4DB8-99EA-5C648A3EBCF2}"
EndProject
Project("{2150E333-8FDC-42A3-9474-1A3956D46DE8}") = "Bookings", "Bookings", "{F3E5717A-5C4C-7ADF-F8ED-C6AF61D9E3AA}"
EndProject
Project("{FAE04EC0-301F-11D3-BF4B-00C04F79EFBC}") = "EBooking.Bookings.Tests", "tests\Bookings\EBooking.Bookings.Tests\EBooking.Bookings.Tests.csproj", "{3FAB8F2C-5BDA-4F7C-B95B-F24F52E736AE}"
EndProject
Project("{FAE04EC0-301F-11D3-BF4B-00C04F79EFBC}") = "EBooking.Bookings.IntegrationTests", "tests\Bookings\EBooking.Bookings.IntegrationTests\EBooking.Bookings.IntegrationTests.csproj", "{7691E24C-F2E9-4ECA-93BE-D59FD9EE20A1}"
EndProject
Global
	GlobalSection(SolutionConfigurationPlatforms) = preSolution
		Debug|Any CPU = Debug|Any CPU
		Debug|x64 = Debug|x64
		Debug|x86 = Debug|x86
		Release|Any CPU = Release|Any CPU
		Release|x64 = Release|x64
		Release|x86 = Release|x86
	EndGlobalSection
	GlobalSection(ProjectConfigurationPlatforms) = postSolution
		{EA423639-6291-4D3F-9BA3-76B7D19F0462}.Debug|Any CPU.ActiveCfg = Debug|Any CPU
		{EA423639-6291-4D3F-9BA3-76B7D19F0462}.Debug|Any CPU.Build.0 = Debug|Any CPU
		{EA423639-6291-4D3F-9BA3-76B7D19F0462}.Debug|x64.ActiveCfg = Debug|Any CPU
		{EA423639-6291-4D3F-9BA3-76B7D19F0462}.Debug|x64.Build.0 = Debug|Any CPU
		{EA423639-6291-4D3F-9BA3-76B7D19F0462}.Debug|x86.ActiveCfg = Debug|Any CPU
		{EA423639-6291-4D3F-9BA3-76B7D19F0462}.Debug|x86.Build.0 = Debug|Any CPU
		{EA423639-6291-4D3F-9BA3-76B7D19F0462}.Release|Any CPU.ActiveCfg = Release|Any CPU
		{EA423639-6291-4D3F-9BA3-76B7D19F0462}.Release|Any CPU.Build.0 = Release|Any CPU
		{EA423639-6291-4D3F-9BA3-76B7D19F0462}.Release|x64.ActiveCfg = Release|Any CPU
		{EA423639-6291-4D3F-9BA3-76B7D19F0462}.Release|x64.Build.0 = Release|Any CPU
		{EA423639-6291-4D3F-9BA3-76B7D19F0462}.Release|x86.ActiveCfg = Release|Any CPU
		{EA423639-6291-4D3F-9BA3-76B7D19F0462}.Release|x86.Build.0 = Release|Any CPU
		{529424BA-B6A4-4444-8AD0-E9D45994707C}.Debug|Any CPU.ActiveCfg = Debug|Any CPU
		{529424BA-B6A4-4444-8AD0-E9D45994707C}.Debug|Any CPU.Build.0 = Debug|Any CPU
		{529424BA-B6A4-4444-8AD0-E9D45994707C}.Debug|x64.ActiveCfg = Debug|Any CPU
		{529424BA-B6A4-4444-8AD0-E9D45994707C}.Debug|x64.Build.0 = Debug|Any CPU
		{529424BA-B6A4-4444-8AD0-E9D45994707C}.Debug|x86.ActiveCfg = Debug|Any CPU
		{529424BA-B6A4-4444-8AD0-E9D45994707C}.Debug|x86.Build.0 = Debug|Any CPU
		{529424BA-B6A4-4444-8AD0-E9D45994707C}.Release|Any CPU.ActiveCfg = Release|Any CPU
		{529424BA-B6A4-4444-8AD0-E9D45994707C}.Release|Any CPU.Build.0 = Release|Any CPU
		{529424BA-B6A4-4444-8AD0-E9D45994707C}.Release|x64.ActiveCfg = Release|Any CPU
		{529424BA-B6A4-4444-8AD0-E9D45994707C}.Release|x64.Build.0 = Release|Any CPU
		{529424BA-B6A4-4444-8AD0-E9D45994707C}.Release|x86.ActiveCfg = Release|Any CPU
		{529424BA-B6A4-4444-8AD0-E9D45994707C}.Release|x86.Build.0 = Release|Any CPU
		{D9D37F40-BA94-45D5-A8AD-054C7AEE922D}.Debug|Any CPU.ActiveCfg = Debug|Any CPU
		{D9D37F40-BA94-45D5-A8AD-054C7AEE922D}.Debug|Any CPU.Build.0 = Debug|Any CPU
		{D9D37F40-BA94-45D5-A8AD-054C7AEE922D}.Debug|x64.ActiveCfg = Debug|Any CPU
		{D9D37F40-BA94-45D5-A8AD-054C7AEE922D}.Debug|x64.Build.0 = Debug|Any CPU
		{D9D37F40-BA94-45D5-A8AD-054C7AEE922D}.Debug|x86.ActiveCfg = Debug|Any CPU
		{D9D37F40-BA94-45D5-A8AD-054C7AEE922D}.Debug|x86.Build.0 = Debug|Any CPU
		{D9D37F40-BA94-45D5-A8AD-054C7AEE922D}.Release|Any CPU.ActiveCfg = Release|Any CPU
		{D9D37F40-BA94-45D5-A8AD-054C7AEE922D}.Release|Any CPU.Build.0 = Release|Any CPU
		{D9D37F40-BA94-45D5-A8AD-054C7AEE922D}.Release|x64.ActiveCfg = Release|Any CPU
		{D9D37F40-BA94-45D5-A8AD-054C7AEE922D}.Release|x64.Build.0 = Release|Any CPU
		{D9D37F40-BA94-45D5-A8AD-054C7AEE922D}.Release|x86.ActiveCfg = Release|Any CPU
		{D9D37F40-BA94-45D5-A8AD-054C7AEE922D}.Release|x86.Build.0 = Release|Any CPU
		{9DECE911-F6E7-4141-894C-7E13E8D697CC}.Debug|Any CPU.ActiveCfg = Debug|Any CPU
		{9DECE911-F6E7-4141-894C-7E13E8D697CC}.Debug|Any CPU.Build.0 = Debug|Any CPU
		{9DECE911-F6E7-4141-894C-7E13E8D697CC}.Debug|x64.ActiveCfg = Debug|Any CPU
		{9DECE911-F6E7-4141-894C-7E13E8D697CC}.Debug|x64.Build.0 = Debug|Any CPU
		{9DECE911-F6E7-4141-894C-7E13E8D697CC}.Debug|x86.ActiveCfg = Debug|Any CPU
		{9DECE911-F6E7-4141-894C-7E13E8D697CC}.Debug|x86.Build.0 = Debug|Any CPU
		{9DECE911-F6E7-4141-894C-7E13E8D697CC}.Release|Any CPU.ActiveCfg = Release|Any CPU
		{9DECE911-F6E7-4141-894C-7E13E8D697CC}.Release|Any CPU.Build.0 = Release|Any CPU
		{9DECE911-F6E7-4141-894C-7E13E8D697CC}.Release|x64.ActiveCfg = Release|Any CPU
		{9DECE911-F6E7-4141-894C-7E13E8D697CC}.Release|x64.Build.0 = Release|Any CPU
		{9DECE911-F6E7-4141-894C-7E13E8D697CC}.Release|x86.ActiveCfg = Release|Any CPU
		{9DECE911-F6E7-4141-894C-7E13E8D697CC}.Release|x86.Build.0 = Release|Any CPU
		{AF104937-7EBE-421A-B106-455817F7109C}.Debug|Any CPU.ActiveCfg = Debug|Any CPU
		{AF104937-7EBE-421A-B106-455817F7109C}.Debug|Any CPU.Build.0 = Debug|Any CPU
		{AF104937-7EBE-421A-B106-455817F7109C}.Debug|x64.ActiveCfg = Debug|Any CPU
		{AF104937-7EBE-421A-B106-455817F7109C}.Debug|x64.Build.0 = Debug|Any CPU
		{AF104937-7EBE-421A-B106-455817F7109C}.Debug|x86.ActiveCfg = Debug|Any CPU
		{AF104937-7EBE-421A-B106-455817F7109C}.Debug|x86.Build.0 = Debug|Any CPU
		{AF104937-7EBE-421A-B106-455817F7109C}.Release|Any CPU.ActiveCfg = Release|Any CPU
		{AF104937-7EBE-421A-B106-455817F7109C}.Release|Any CPU.Build.0 = Release|Any CPU
		{AF104937-7EBE-421A-B106-455817F7109C}.Release|x64.ActiveCfg = Release|Any CPU
		{AF104937-7EBE-421A-B106-455817F7109C}.Release|x64.Build.0 = Release|Any CPU
		{AF104937-7EBE-421A-B106-455817F7109C}.Release|x86.ActiveCfg = Release|Any CPU
		{AF104937-7EBE-421A-B106-455817F7109C}.Release|x86.Build.0 = Release|Any CPU
		{B02F7B4C-9CAB-4131-92FE-E97B937A856E}.Debug|Any CPU.ActiveCfg = Debug|Any CPU
		{B02F7B4C-9CAB-4131-92FE-E97B937A856E}.Debug|Any CPU.Build.0 = Debug|Any CPU
		{B02F7B4C-9CAB-4131-92FE-E97B937A856E}.Debug|x64.ActiveCfg = Debug|Any CPU
		{B02F7B4C-9CAB-4131-92FE-E97B937A856E}.Debug|x64.Build.0 = Debug|Any CPU
		{B02F7B4C-9CAB-4131-92FE-E97B937A856E}.Debug|x86.ActiveCfg = Debug|Any CPU
		{B02F7B4C-9CAB-4131-92FE-E97B937A856E}.Debug|x86.Build.0 = Debug|Any CPU
		{B02F7B4C-9CAB-4131-92FE-E97B937A856E}.Release|Any CPU.ActiveCfg = Release|Any CPU
		{B02F7B4C-9CAB-4131-92FE-E97B937A856E}.Release|Any CPU.Build.0 = Release|Any CPU
		{B02F7B4C-9CAB-4131-92FE-E97B937A856E}.Release|x64.ActiveCfg = Release|Any CPU
		{B02F7B4C-9CAB-4131-92FE-E97B937A856E}.Release|x64.Build.0 = Release|Any CPU
		{B02F7B4C-9CAB-4131-92FE-E97B937A856E}.Release|x86.ActiveCfg = Release|Any CPU
		{B02F7B4C-9CAB-4131-92FE-E97B937A856E}.Release|x86.Build.0 = Release|Any CPU
		{4698A96E-E71D-497F-8A5D-BBF915344A24}.Debug|Any CPU.ActiveCfg = Debug|Any CPU
		{4698A96E-E71D-497F-8A5D-BBF915344A24}.Debug|Any CPU.Build.0 = Debug|Any CPU
		{4698A96E-E71D-497F-8A5D-BBF915344A24}.Debug|x64.ActiveCfg = Debug|Any CPU
		{4698A96E-E71D-497F-8A5D-BBF915344A24}.Debug|x64.Build.0 = Debug|Any CPU
		{4698A96E-E71D-497F-8A5D-BBF915344A24}.Debug|x86.ActiveCfg = Debug|Any CPU
		{4698A96E-E71D-497F-8A5D-BBF915344A24}.Debug|x86.Build.0 = Debug|Any CPU
		{4698A96E-E71D-497F-8A5D-BBF915344A24}.Release|Any CPU.ActiveCfg = Release|Any CPU
		{4698A96E-E71D-497F-8A5D-BBF915344A24}.Release|Any CPU.Build.0 = Release|Any CPU
		{4698A96E-E71D-497F-8A5D-BBF915344A24}.Release|x64.ActiveCfg = Release|Any CPU
		{4698A96E-E71D-497F-8A5D-BBF915344A24}.Release|x64.Build.0 = Release|Any CPU
		{4698A96E-E71D-497F-8A5D-BBF915344A24}.Release|x86.ActiveCfg = Release|Any CPU
		{4698A96E-E71D-497F-8A5D-BBF915344A24}.Release|x86.Build.0 = Release|Any CPU
		{9ED122C3-F72F-4799-8916-2BB55F8E5103}.Debug|Any CPU.ActiveCfg = Debug|Any CPU
		{9ED122C3-F72F-4799-8916-2BB55F8E5103}.Debug|Any CPU.Build.0 = Debug|Any CPU
		{9ED122C3-F72F-4799-8916-2BB55F8E5103}.Debug|x64.ActiveCfg = Debug|Any CPU
		{9ED122C3-F72F-4799-8916-2BB55F8E5103}.Debug|x64.Build.0 = Debug|Any CPU
		{9ED122C3-F72F-4799-8916-2BB55F8E5103}.Debug|x86.ActiveCfg = Debug|Any CPU
		{9ED122C3-F72F-4799-8916-2BB55F8E5103}.Debug|x86.Build.0 = Debug|Any CPU
		{9ED122C3-F72F-4799-8916-2BB55F8E5103}.Release|Any CPU.ActiveCfg = Release|Any CPU
		{9ED122C3-F72F-4799-8916-2BB55F8E5103}.Release|Any CPU.Build.0 = Release|Any CPU
		{9ED122C3-F72F-4799-8916-2BB55F8E5103}.Release|x64.ActiveCfg = Release|Any CPU
		{9ED122C3-F72F-4799-8916-2BB55F8E5103}.Release|x64.Build.0 = Release|Any CPU
		{9ED122C3-F72F-4799-8916-2BB55F8E5103}.Release|x86.ActiveCfg = Release|Any CPU
		{9ED122C3-F72F-4799-8916-2BB55F8E5103}.Release|x86.Build.0 = Release|Any CPU
		{7A7B2E35-87C8-4D25-8CAD-21AEE13B14DA}.Debug|Any CPU.ActiveCfg = Debug|Any CPU
		{7A7B2E35-87C8-4D25-8CAD-21AEE13B14DA}.Debug|Any CPU.Build.0 = Debug|Any CPU
		{7A7B2E35-87C8-4D25-8CAD-21AEE13B14DA}.Debug|x64.ActiveCfg = Debug|Any CPU
		{7A7B2E35-87C8-4D25-8CAD-21AEE13B14DA}.Debug|x64.Build.0 = Debug|Any CPU
		{7A7B2E35-87C8-4D25-8CAD-21AEE13B14DA}.Debug|x86.ActiveCfg = Debug|Any CPU
		{7A7B2E35-87C8-4D25-8CAD-21AEE13B14DA}.Debug|x86.Build.0 = Debug|Any CPU
		{7A7B2E35-87C8-4D25-8CAD-21AEE13B14DA}.Release|Any CPU.ActiveCfg = Release|Any CPU
		{7A7B2E35-87C8-4D25-8CAD-21AEE13B14DA}.Release|Any CPU.Build.0 = Release|Any CPU
		{7A7B2E35-87C8-4D25-8CAD-21AEE13B14DA}.Release|x64.ActiveCfg = Release|Any CPU
		{7A7B2E35-87C8-4D25-8CAD-21AEE13B14DA}.Release|x64.Build.0 = Release|Any CPU
		{7A7B2E35-87C8-4D25-8CAD-21AEE13B14DA}.Release|x86.ActiveCfg = Release|Any CPU
		{7A7B2E35-87C8-4D25-8CAD-21AEE13B14DA}.Release|x86.Build.0 = Release|Any CPU
		{2925CFC4-0F7C-4D39-B748-27B74D954B0C}.Debug|Any CPU.ActiveCfg = Debug|Any CPU
		{2925CFC4-0F7C-4D39-B748-27B74D954B0C}.Debug|Any CPU.Build.0 = Debug|Any CPU
		{2925CFC4-0F7C-4D39-B748-27B74D954B0C}.Debug|x64.ActiveCfg = Debug|Any CPU
		{2925CFC4-0F7C-4D39-B748-27B74D954B0C}.Debug|x64.Build.0 = Debug|Any CPU
		{2925CFC4-0F7C-4D39-B748-27B74D954B0C}.Debug|x86.ActiveCfg = Debug|Any CPU
		{2925CFC4-0F7C-4D39-B748-27B74D954B0C}.Debug|x86.Build.0 = Debug|Any CPU
		{2925CFC4-0F7C-4D39-B748-27B74D954B0C}.Release|Any CPU.ActiveCfg = Release|Any CPU
		{2925CFC4-0F7C-4D39-B748-27B74D954B0C}.Release|Any CPU.Build.0 = Release|Any CPU
		{2925CFC4-0F7C-4D39-B748-27B74D954B0C}.Release|x64.ActiveCfg = Release|Any CPU
		{2925CFC4-0F7C-4D39-B748-27B74D954B0C}.Release|x64.Build.0 = Release|Any CPU
		{2925CFC4-0F7C-4D39-B748-27B74D954B0C}.Release|x86.ActiveCfg = Release|Any CPU
		{2925CFC4-0F7C-4D39-B748-27B74D954B0C}.Release|x86.Build.0 = Release|Any CPU
		{DE5787DB-6F29-4A47-894A-B6842183A136}.Debug|Any CPU.ActiveCfg = Debug|Any CPU
		{DE5787DB-6F29-4A47-894A-B6842183A136}.Debug|Any CPU.Build.0 = Debug|Any CPU
		{DE5787DB-6F29-4A47-894A-B6842183A136}.Debug|x64.ActiveCfg = Debug|Any CPU
		{DE5787DB-6F29-4A47-894A-B6842183A136}.Debug|x64.Build.0 = Debug|Any CPU
		{DE5787DB-6F29-4A47-894A-B6842183A136}.Debug|x86.ActiveCfg = Debug|Any CPU
		{DE5787DB-6F29-4A47-894A-B6842183A136}.Debug|x86.Build.0 = Debug|Any CPU
		{DE5787DB-6F29-4A47-894A-B6842183A136}.Release|Any CPU.ActiveCfg = Release|Any CPU
		{DE5787DB-6F29-4A47-894A-B6842183A136}.Release|Any CPU.Build.0 = Release|Any CPU
		{DE5787DB-6F29-4A47-894A-B6842183A136}.Release|x64.ActiveCfg = Release|Any CPU
		{DE5787DB-6F29-4A47-894A-B6842183A136}.Release|x64.Build.0 = Release|Any CPU
		{DE5787DB-6F29-4A47-894A-B6842183A136}.Release|x86.ActiveCfg = Release|Any CPU
		{DE5787DB-6F29-4A47-894A-B6842183A136}.Release|x86.Build.0 = Release|Any CPU
		{2D60EC0C-BD6B-41F3-AB13-82AE57B35828}.Debug|Any CPU.ActiveCfg = Debug|Any CPU
		{2D60EC0C-BD6B-41F3-AB13-82AE57B35828}.Debug|Any CPU.Build.0 = Debug|Any CPU
		{2D60EC0C-BD6B-41F3-AB13-82AE57B35828}.Debug|x64.ActiveCfg = Debug|Any CPU
		{2D60EC0C-BD6B-41F3-AB13-82AE57B35828}.Debug|x64.Build.0 = Debug|Any CPU
		{2D60EC0C-BD6B-41F3-AB13-82AE57B35828}.Debug|x86.ActiveCfg = Debug|Any CPU
		{2D60EC0C-BD6B-41F3-AB13-82AE57B35828}.Debug|x86.Build.0 = Debug|Any CPU
		{2D60EC0C-BD6B-41F3-AB13-82AE57B35828}.Release|Any CPU.ActiveCfg = Release|Any CPU
		{2D60EC0C-BD6B-41F3-AB13-82AE57B35828}.Release|Any CPU.Build.0 = Release|Any CPU
		{2D60EC0C-BD6B-41F3-AB13-82AE57B35828}.Release|x64.ActiveCfg = Release|Any CPU
		{2D60EC0C-BD6B-41F3-AB13-82AE57B35828}.Release|x64.Build.0 = Release|Any CPU
		{2D60EC0C-BD6B-41F3-AB13-82AE57B35828}.Release|x86.ActiveCfg = Release|Any CPU
		{2D60EC0C-BD6B-41F3-AB13-82AE57B35828}.Release|x86.Build.0 = Release|Any CPU
		{BEF4A34E-916B-4C83-8713-14518A0E08F4}.Debug|Any CPU.ActiveCfg = Debug|Any CPU
		{BEF4A34E-916B-4C83-8713-14518A0E08F4}.Debug|Any CPU.Build.0 = Debug|Any CPU
		{BEF4A34E-916B-4C83-8713-14518A0E08F4}.Debug|x64.ActiveCfg = Debug|Any CPU
		{BEF4A34E-916B-4C83-8713-14518A0E08F4}.Debug|x64.Build.0 = Debug|Any CPU
		{BEF4A34E-916B-4C83-8713-14518A0E08F4}.Debug|x86.ActiveCfg = Debug|Any CPU
		{BEF4A34E-916B-4C83-8713-14518A0E08F4}.Debug|x86.Build.0 = Debug|Any CPU
		{BEF4A34E-916B-4C83-8713-14518A0E08F4}.Release|Any CPU.ActiveCfg = Release|Any CPU
		{BEF4A34E-916B-4C83-8713-14518A0E08F4}.Release|Any CPU.Build.0 = Release|Any CPU
		{BEF4A34E-916B-4C83-8713-14518A0E08F4}.Release|x64.ActiveCfg = Release|Any CPU
		{BEF4A34E-916B-4C83-8713-14518A0E08F4}.Release|x64.Build.0 = Release|Any CPU
		{BEF4A34E-916B-4C83-8713-14518A0E08F4}.Release|x86.ActiveCfg = Release|Any CPU
		{BEF4A34E-916B-4C83-8713-14518A0E08F4}.Release|x86.Build.0 = Release|Any CPU
		{87CA55E1-1861-4786-9AAF-731C125762F5}.Debug|Any CPU.ActiveCfg = Debug|Any CPU
		{87CA55E1-1861-4786-9AAF-731C125762F5}.Debug|Any CPU.Build.0 = Debug|Any CPU
		{87CA55E1-1861-4786-9AAF-731C125762F5}.Debug|x64.ActiveCfg = Debug|Any CPU
		{87CA55E1-1861-4786-9AAF-731C125762F5}.Debug|x64.Build.0 = Debug|Any CPU
		{87CA55E1-1861-4786-9AAF-731C125762F5}.Debug|x86.ActiveCfg = Debug|Any CPU
		{87CA55E1-1861-4786-9AAF-731C125762F5}.Debug|x86.Build.0 = Debug|Any CPU
		{87CA55E1-1861-4786-9AAF-731C125762F5}.Release|Any CPU.ActiveCfg = Release|Any CPU
		{87CA55E1-1861-4786-9AAF-731C125762F5}.Release|Any CPU.Build.0 = Release|Any CPU
		{87CA55E1-1861-4786-9AAF-731C125762F5}.Release|x64.ActiveCfg = Release|Any CPU
		{87CA55E1-1861-4786-9AAF-731C125762F5}.Release|x64.Build.0 = Release|Any CPU
		{87CA55E1-1861-4786-9AAF-731C125762F5}.Release|x86.ActiveCfg = Release|Any CPU
		{87CA55E1-1861-4786-9AAF-731C125762F5}.Release|x86.Build.0 = Release|Any CPU
		{A6839D4C-4473-47B6-BF36-FBB99446E374}.Debug|Any CPU.ActiveCfg = Debug|Any CPU
		{A6839D4C-4473-47B6-BF36-FBB99446E374}.Debug|Any CPU.Build.0 = Debug|Any CPU
		{A6839D4C-4473-47B6-BF36-FBB99446E374}.Debug|x64.ActiveCfg = Debug|Any CPU
		{A6839D4C-4473-47B6-BF36-FBB99446E374}.Debug|x64.Build.0 = Debug|Any CPU
		{A6839D4C-4473-47B6-BF36-FBB99446E374}.Debug|x86.ActiveCfg = Debug|Any CPU
		{A6839D4C-4473-47B6-BF36-FBB99446E374}.Debug|x86.Build.0 = Debug|Any CPU
		{A6839D4C-4473-47B6-BF36-FBB99446E374}.Release|Any CPU.ActiveCfg = Release|Any CPU
		{A6839D4C-4473-47B6-BF36-FBB99446E374}.Release|Any CPU.Build.0 = Release|Any CPU
		{A6839D4C-4473-47B6-BF36-FBB99446E374}.Release|x64.ActiveCfg = Release|Any CPU
		{A6839D4C-4473-47B6-BF36-FBB99446E374}.Release|x64.Build.0 = Release|Any CPU
		{A6839D4C-4473-47B6-BF36-FBB99446E374}.Release|x86.ActiveCfg = Release|Any CPU
		{A6839D4C-4473-47B6-BF36-FBB99446E374}.Release|x86.Build.0 = Release|Any CPU
		{B9AF1ED4-BAFC-4BB6-9691-0A390955D124}.Debug|Any CPU.ActiveCfg = Debug|Any CPU
		{B9AF1ED4-BAFC-4BB6-9691-0A390955D124}.Debug|Any CPU.Build.0 = Debug|Any CPU
		{B9AF1ED4-BAFC-4BB6-9691-0A390955D124}.Debug|x64.ActiveCfg = Debug|Any CPU
		{B9AF1ED4-BAFC-4BB6-9691-0A390955D124}.Debug|x64.Build.0 = Debug|Any CPU
		{B9AF1ED4-BAFC-4BB6-9691-0A390955D124}.Debug|x86.ActiveCfg = Debug|Any CPU
		{B9AF1ED4-BAFC-4BB6-9691-0A390955D124}.Debug|x86.Build.0 = Debug|Any CPU
		{B9AF1ED4-BAFC-4BB6-9691-0A390955D124}.Release|Any CPU.ActiveCfg = Release|Any CPU
		{B9AF1ED4-BAFC-4BB6-9691-0A390955D124}.Release|Any CPU.Build.0 = Release|Any CPU
		{B9AF1ED4-BAFC-4BB6-9691-0A390955D124}.Release|x64.ActiveCfg = Release|Any CPU
		{B9AF1ED4-BAFC-4BB6-9691-0A390955D124}.Release|x64.Build.0 = Release|Any CPU
		{B9AF1ED4-BAFC-4BB6-9691-0A390955D124}.Release|x86.ActiveCfg = Release|Any CPU
		{B9AF1ED4-BAFC-4BB6-9691-0A390955D124}.Release|x86.Build.0 = Release|Any CPU
		{347A87D5-F761-4DB8-99EA-5C648A3EBCF2}.Debug|Any CPU.ActiveCfg = Debug|Any CPU
		{347A87D5-F761-4DB8-99EA-5C648A3EBCF2}.Debug|Any CPU.Build.0 = Debug|Any CPU
		{347A87D5-F761-4DB8-99EA-5C648A3EBCF2}.Debug|x64.ActiveCfg = Debug|Any CPU
		{347A87D5-F761-4DB8-99EA-5C648A3EBCF2}.Debug|x64.Build.0 = Debug|Any CPU
		{347A87D5-F761-4DB8-99EA-5C648A3EBCF2}.Debug|x86.ActiveCfg = Debug|Any CPU
		{347A87D5-F761-4DB8-99EA-5C648A3EBCF2}.Debug|x86.Build.0 = Debug|Any CPU
		{347A87D5-F761-4DB8-99EA-5C648A3EBCF2}.Release|Any CPU.ActiveCfg = Release|Any CPU
		{347A87D5-F761-4DB8-99EA-5C648A3EBCF2}.Release|Any CPU.Build.0 = Release|Any CPU
		{347A87D5-F761-4DB8-99EA-5C648A3EBCF2}.Release|x64.ActiveCfg = Release|Any CPU
		{347A87D5-F761-4DB8-99EA-5C648A3EBCF2}.Release|x64.Build.0 = Release|Any CPU
		{347A87D5-F761-4DB8-99EA-5C648A3EBCF2}.Release|x86.ActiveCfg = Release|Any CPU
		{347A87D5-F761-4DB8-99EA-5C648A3EBCF2}.Release|x86.Build.0 = Release|Any CPU
		{3FAB8F2C-5BDA-4F7C-B95B-F24F52E736AE}.Debug|Any CPU.ActiveCfg = Debug|Any CPU
		{3FAB8F2C-5BDA-4F7C-B95B-F24F52E736AE}.Debug|Any CPU.Build.0 = Debug|Any CPU
		{3FAB8F2C-5BDA-4F7C-B95B-F24F52E736AE}.Debug|x64.ActiveCfg = Debug|Any CPU
		{3FAB8F2C-5BDA-4F7C-B95B-F24F52E736AE}.Debug|x64.Build.0 = Debug|Any CPU
		{3FAB8F2C-5BDA-4F7C-B95B-F24F52E736AE}.Debug|x86.ActiveCfg = Debug|Any CPU
		{3FAB8F2C-5BDA-4F7C-B95B-F24F52E736AE}.Debug|x86.Build.0 = Debug|Any CPU
		{3FAB8F2C-5BDA-4F7C-B95B-F24F52E736AE}.Release|Any CPU.ActiveCfg = Release|Any CPU
		{3FAB8F2C-5BDA-4F7C-B95B-F24F52E736AE}.Release|Any CPU.Build.0 = Release|Any CPU
		{3FAB8F2C-5BDA-4F7C-B95B-F24F52E736AE}.Release|x64.ActiveCfg = Release|Any CPU
		{3FAB8F2C-5BDA-4F7C-B95B-F24F52E736AE}.Release|x64.Build.0 = Release|Any CPU
		{3FAB8F2C-5BDA-4F7C-B95B-F24F52E736AE}.Release|x86.ActiveCfg = Release|Any CPU
		{3FAB8F2C-5BDA-4F7C-B95B-F24F52E736AE}.Release|x86.Build.0 = Release|Any CPU
		{7691E24C-F2E9-4ECA-93BE-D59FD9EE20A1}.Debug|Any CPU.ActiveCfg = Debug|Any CPU
		{7691E24C-F2E9-4ECA-93BE-D59FD9EE20A1}.Debug|Any CPU.Build.0 = Debug|Any CPU
		{7691E24C-F2E9-4ECA-93BE-D59FD9EE20A1}.Debug|x64.ActiveCfg = Debug|Any CPU
		{7691E24C-F2E9-4ECA-93BE-D59FD9EE20A1}.Debug|x64.Build.0 = Debug|Any CPU
		{7691E24C-F2E9-4ECA-93BE-D59FD9EE20A1}.Debug|x86.ActiveCfg = Debug|Any CPU
		{7691E24C-F2E9-4ECA-93BE-D59FD9EE20A1}.Debug|x86.Build.0 = Debug|Any CPU
		{7691E24C-F2E9-4ECA-93BE-D59FD9EE20A1}.Release|Any CPU.ActiveCfg = Release|Any CPU
		{7691E24C-F2E9-4ECA-93BE-D59FD9EE20A1}.Release|Any CPU.Build.0 = Release|Any CPU
		{7691E24C-F2E9-4ECA-93BE-D59FD9EE20A1}.Release|x64.ActiveCfg = Release|Any CPU
		{7691E24C-F2E9-4ECA-93BE-D59FD9EE20A1}.Release|x64.Build.0 = Release|Any CPU
		{7691E24C-F2E9-4ECA-93BE-D59FD9EE20A1}.Release|x86.ActiveCfg = Release|Any CPU
		{7691E24C-F2E9-4ECA-93BE-D59FD9EE20A1}.Release|x86.Build.0 = Release|Any CPU
	EndGlobalSection
	GlobalSection(SolutionProperties) = preSolution
		HideSolutionNode = FALSE
	EndGlobalSection
	GlobalSection(NestedProjects) = preSolution
		{FE014895-D8BF-3492-8783-351AC6D606E7} = {827E0CD3-B72D-47B6-A68D-7590B98EB39B}
		{EA423639-6291-4D3F-9BA3-76B7D19F0462} = {FE014895-D8BF-3492-8783-351AC6D606E7}
		{984BB9B3-3FA3-BE33-9484-CAC21695A33C} = {827E0CD3-B72D-47B6-A68D-7590B98EB39B}
		{E19C77F4-0114-A26A-3F6E-A6CDC9D84385} = {984BB9B3-3FA3-BE33-9484-CAC21695A33C}
		{529424BA-B6A4-4444-8AD0-E9D45994707C} = {E19C77F4-0114-A26A-3F6E-A6CDC9D84385}
		{D9D37F40-BA94-45D5-A8AD-054C7AEE922D} = {E19C77F4-0114-A26A-3F6E-A6CDC9D84385}
		{9DECE911-F6E7-4141-894C-7E13E8D697CC} = {E19C77F4-0114-A26A-3F6E-A6CDC9D84385}
		{AF104937-7EBE-421A-B106-455817F7109C} = {E19C77F4-0114-A26A-3F6E-A6CDC9D84385}
		{D4D2386B-2EB3-B123-B9A2-A224B8047731} = {984BB9B3-3FA3-BE33-9484-CAC21695A33C}
		{B02F7B4C-9CAB-4131-92FE-E97B937A856E} = {D4D2386B-2EB3-B123-B9A2-A224B8047731}
		{4698A96E-E71D-497F-8A5D-BBF915344A24} = {D4D2386B-2EB3-B123-B9A2-A224B8047731}
		{9ED122C3-F72F-4799-8916-2BB55F8E5103} = {D4D2386B-2EB3-B123-B9A2-A224B8047731}
		{7A7B2E35-87C8-4D25-8CAD-21AEE13B14DA} = {D4D2386B-2EB3-B123-B9A2-A224B8047731}
		{4F30E5BA-E75B-E712-7D33-614FD745B8FF} = {984BB9B3-3FA3-BE33-9484-CAC21695A33C}
		{2925CFC4-0F7C-4D39-B748-27B74D954B0C} = {4F30E5BA-E75B-E712-7D33-614FD745B8FF}
		{DE5787DB-6F29-4A47-894A-B6842183A136} = {4F30E5BA-E75B-E712-7D33-614FD745B8FF}
		{2D60EC0C-BD6B-41F3-AB13-82AE57B35828} = {4F30E5BA-E75B-E712-7D33-614FD745B8FF}
		{BEF4A34E-916B-4C83-8713-14518A0E08F4} = {4F30E5BA-E75B-E712-7D33-614FD745B8FF}
		{553D81D4-666B-BE26-75F9-480CB214ACEE} = {0AB3BF05-4346-4AA6-1389-037BE0695223}
		{87CA55E1-1861-4786-9AAF-731C125762F5} = {553D81D4-666B-BE26-75F9-480CB214ACEE}
		{A6839D4C-4473-47B6-BF36-FBB99446E374} = {553D81D4-666B-BE26-75F9-480CB214ACEE}
		{B6F583D1-21F3-9FE8-D172-127D6E564CC5} = {0AB3BF05-4346-4AA6-1389-037BE0695223}
		{B9AF1ED4-BAFC-4BB6-9691-0A390955D124} = {B6F583D1-21F3-9FE8-D172-127D6E564CC5}
		{347A87D5-F761-4DB8-99EA-5C648A3EBCF2} = {B6F583D1-21F3-9FE8-D172-127D6E564CC5}
		{F3E5717A-5C4C-7ADF-F8ED-C6AF61D9E3AA} = {0AB3BF05-4346-4AA6-1389-037BE0695223}
		{3FAB8F2C-5BDA-4F7C-B95B-F24F52E736AE} = {F3E5717A-5C4C-7ADF-F8ED-C6AF61D9E3AA}
		{7691E24C-F2E9-4ECA-93BE-D59FD9EE20A1} = {F3E5717A-5C4C-7ADF-F8ED-C6AF61D9E3AA}
	EndGlobalSection
	GlobalSection(ExtensibilityGlobals) = postSolution
		SolutionGuid = {8FD39BD1-6B0A-4B89-B510-99A865A40863}
	EndGlobalSection
EndGlobal
