
Microsoft Visual Studio Solution File, Format Version 12.00
# Visual Studio Version 17
VisualStudioVersion = 17.5.2.0
MinimumVisualStudioVersion = 10.0.40219.1
Project("{FAE04EC0-301F-11D3-BF4B-00C04F79EFBC}") = "EBooking", "EBooking\EBooking.csproj", "{099B870A-0D8E-C979-0EF5-131024F7038A}"
EndProject
Project("{FAE04EC0-301F-11D3-BF4B-00C04F79EFBC}") = "EBooking.Tests", "EBooking.Tests\EBooking.Tests.csproj", "{889ECCCC-E6B4-4727-BD2E-6D863F46A713}"
EndProject
Project("{FAE04EC0-301F-11D3-BF4B-00C04F79EFBC}") = "EBooking.IntegrationTests", "EBooking.IntegrationTests\EBooking.IntegrationTests.csproj", "{7B3D0E57-7F63-4003-88F2-C2CAE5BC9895}"
EndProject
Project("{FAE04EC0-301F-11D3-BF4B-00C04F79EFBC}") = "EBooking.Domain", "EBooking.Domain\EBooking.Domain.csproj", "{9C5AAADA-93EB-4749-BC0E-A98559FAFC7E}"
EndProject
Project("{FAE04EC0-301F-11D3-BF4B-00C04F79EFBC}") = "EBooking.Application", "EBooking.Application\EBooking.Application.csproj", "{FC85A0B3-982C-4ECB-89CF-AA1423D1F4C0}"
EndProject
Project("{FAE04EC0-301F-11D3-BF4B-00C04F79EFBC}") = "EBooking.Infrastructure", "EBooking.Infrastructure\EBooking.Infrastructure.csproj", "{8222A2B1-9A81-4230-BBCD-39D80A46BE4F}"
EndProject
Global
	GlobalSection(SolutionConfigurationPlatforms) = preSolution
		Debug|Any CPU = Debug|Any CPU
		Debug|x64 = Debug|x64
		Debug|x86 = Debug|x86
		Release|Any CPU = Release|Any CPU
		Release|x64 = Release|x64
		Release|x86 = Release|x86
	EndGlobalSection
	GlobalSection(ProjectConfigurationPlatforms) = postSolution
		{099B870A-0D8E-C979-0EF5-131024F7038A}.Debug|Any CPU.ActiveCfg = Debug|Any CPU
		{099B870A-0D8E-C979-0EF5-131024F7038A}.Debug|Any CPU.Build.0 = Debug|Any CPU
		{099B870A-0D8E-C979-0EF5-131024F7038A}.Debug|x64.ActiveCfg = Debug|Any CPU
		{099B870A-0D8E-C979-0EF5-131024F7038A}.Debug|x64.Build.0 = Debug|Any CPU
		{099B870A-0D8E-C979-0EF5-131024F7038A}.Debug|x86.ActiveCfg = Debug|Any CPU
		{099B870A-0D8E-C979-0EF5-131024F7038A}.Debug|x86.Build.0 = Debug|Any CPU
		{099B870A-0D8E-C979-0EF5-131024F7038A}.Release|Any CPU.ActiveCfg = Release|Any CPU
		{099B870A-0D8E-C979-0EF5-131024F7038A}.Release|Any CPU.Build.0 = Release|Any CPU
		{099B870A-0D8E-C979-0EF5-131024F7038A}.Release|x64.ActiveCfg = Release|Any CPU
		{099B870A-0D8E-C979-0EF5-131024F7038A}.Release|x64.Build.0 = Release|Any CPU
		{099B870A-0D8E-C979-0EF5-131024F7038A}.Release|x86.ActiveCfg = Release|Any CPU
		{099B870A-0D8E-C979-0EF5-131024F7038A}.Release|x86.Build.0 = Release|Any CPU
		{889ECCCC-E6B4-4727-BD2E-6D863F46A713}.Debug|Any CPU.ActiveCfg = Debug|Any CPU
		{889ECCCC-E6B4-4727-BD2E-6D863F46A713}.Debug|Any CPU.Build.0 = Debug|Any CPU
		{889ECCCC-E6B4-4727-BD2E-6D863F46A713}.Debug|x64.ActiveCfg = Debug|Any CPU
		{889ECCCC-E6B4-4727-BD2E-6D863F46A713}.Debug|x64.Build.0 = Debug|Any CPU
		{889ECCCC-E6B4-4727-BD2E-6D863F46A713}.Debug|x86.ActiveCfg = Debug|Any CPU
		{889ECCCC-E6B4-4727-BD2E-6D863F46A713}.Debug|x86.Build.0 = Debug|Any CPU
		{889ECCCC-E6B4-4727-BD2E-6D863F46A713}.Release|Any CPU.ActiveCfg = Release|Any CPU
		{889ECCCC-E6B4-4727-BD2E-6D863F46A713}.Release|Any CPU.Build.0 = Release|Any CPU
		{889ECCCC-E6B4-4727-BD2E-6D863F46A713}.Release|x64.ActiveCfg = Release|Any CPU
		{889ECCCC-E6B4-4727-BD2E-6D863F46A713}.Release|x64.Build.0 = Release|Any CPU
		{889ECCCC-E6B4-4727-BD2E-6D863F46A713}.Release|x86.ActiveCfg = Release|Any CPU
		{889ECCCC-E6B4-4727-BD2E-6D863F46A713}.Release|x86.Build.0 = Release|Any CPU
		{7B3D0E57-7F63-4003-88F2-C2CAE5BC9895}.Debug|Any CPU.ActiveCfg = Debug|Any CPU
		{7B3D0E57-7F63-4003-88F2-C2CAE5BC9895}.Debug|Any CPU.Build.0 = Debug|Any CPU
		{7B3D0E57-7F63-4003-88F2-C2CAE5BC9895}.Debug|x64.ActiveCfg = Debug|Any CPU
		{7B3D0E57-7F63-4003-88F2-C2CAE5BC9895}.Debug|x64.Build.0 = Debug|Any CPU
		{7B3D0E57-7F63-4003-88F2-C2CAE5BC9895}.Debug|x86.ActiveCfg = Debug|Any CPU
		{7B3D0E57-7F63-4003-88F2-C2CAE5BC9895}.Debug|x86.Build.0 = Debug|Any CPU
		{7B3D0E57-7F63-4003-88F2-C2CAE5BC9895}.Release|Any CPU.ActiveCfg = Release|Any CPU
		{7B3D0E57-7F63-4003-88F2-C2CAE5BC9895}.Release|Any CPU.Build.0 = Release|Any CPU
		{7B3D0E57-7F63-4003-88F2-C2CAE5BC9895}.Release|x64.ActiveCfg = Release|Any CPU
		{7B3D0E57-7F63-4003-88F2-C2CAE5BC9895}.Release|x64.Build.0 = Release|Any CPU
		{7B3D0E57-7F63-4003-88F2-C2CAE5BC9895}.Release|x86.ActiveCfg = Release|Any CPU
		{7B3D0E57-7F63-4003-88F2-C2CAE5BC9895}.Release|x86.Build.0 = Release|Any CPU
		{9C5AAADA-93EB-4749-BC0E-A98559FAFC7E}.Debug|Any CPU.ActiveCfg = Debug|Any CPU
		{9C5AAADA-93EB-4749-BC0E-A98559FAFC7E}.Debug|Any CPU.Build.0 = Debug|Any CPU
		{9C5AAADA-93EB-4749-BC0E-A98559FAFC7E}.Debug|x64.ActiveCfg = Debug|Any CPU
		{9C5AAADA-93EB-4749-BC0E-A98559FAFC7E}.Debug|x64.Build.0 = Debug|Any CPU
		{9C5AAADA-93EB-4749-BC0E-A98559FAFC7E}.Debug|x86.ActiveCfg = Debug|Any CPU
		{9C5AAADA-93EB-4749-BC0E-A98559FAFC7E}.Debug|x86.Build.0 = Debug|Any CPU
		{9C5AAADA-93EB-4749-BC0E-A98559FAFC7E}.Release|Any CPU.ActiveCfg = Release|Any CPU
		{9C5AAADA-93EB-4749-BC0E-A98559FAFC7E}.Release|Any CPU.Build.0 = Release|Any CPU
		{9C5AAADA-93EB-4749-BC0E-A98559FAFC7E}.Release|x64.ActiveCfg = Release|Any CPU
		{9C5AAADA-93EB-4749-BC0E-A98559FAFC7E}.Release|x64.Build.0 = Release|Any CPU
		{9C5AAADA-93EB-4749-BC0E-A98559FAFC7E}.Release|x86.ActiveCfg = Release|Any CPU
		{9C5AAADA-93EB-4749-BC0E-A98559FAFC7E}.Release|x86.Build.0 = Release|Any CPU
		{FC85A0B3-982C-4ECB-89CF-AA1423D1F4C0}.Debug|Any CPU.ActiveCfg = Debug|Any CPU
		{FC85A0B3-982C-4ECB-89CF-AA1423D1F4C0}.Debug|Any CPU.Build.0 = Debug|Any CPU
		{FC85A0B3-982C-4ECB-89CF-AA1423D1F4C0}.Debug|x64.ActiveCfg = Debug|Any CPU
		{FC85A0B3-982C-4ECB-89CF-AA1423D1F4C0}.Debug|x64.Build.0 = Debug|Any CPU
		{FC85A0B3-982C-4ECB-89CF-AA1423D1F4C0}.Debug|x86.ActiveCfg = Debug|Any CPU
		{FC85A0B3-982C-4ECB-89CF-AA1423D1F4C0}.Debug|x86.Build.0 = Debug|Any CPU
		{FC85A0B3-982C-4ECB-89CF-AA1423D1F4C0}.Release|Any CPU.ActiveCfg = Release|Any CPU
		{FC85A0B3-982C-4ECB-89CF-AA1423D1F4C0}.Release|Any CPU.Build.0 = Release|Any CPU
		{FC85A0B3-982C-4ECB-89CF-AA1423D1F4C0}.Release|x64.ActiveCfg = Release|Any CPU
		{FC85A0B3-982C-4ECB-89CF-AA1423D1F4C0}.Release|x64.Build.0 = Release|Any CPU
		{FC85A0B3-982C-4ECB-89CF-AA1423D1F4C0}.Release|x86.ActiveCfg = Release|Any CPU
		{FC85A0B3-982C-4ECB-89CF-AA1423D1F4C0}.Release|x86.Build.0 = Release|Any CPU
		{8222A2B1-9A81-4230-BBCD-39D80A46BE4F}.Debug|Any CPU.ActiveCfg = Debug|Any CPU
		{8222A2B1-9A81-4230-BBCD-39D80A46BE4F}.Debug|Any CPU.Build.0 = Debug|Any CPU
		{8222A2B1-9A81-4230-BBCD-39D80A46BE4F}.Debug|x64.ActiveCfg = Debug|Any CPU
		{8222A2B1-9A81-4230-BBCD-39D80A46BE4F}.Debug|x64.Build.0 = Debug|Any CPU
		{8222A2B1-9A81-4230-BBCD-39D80A46BE4F}.Debug|x86.ActiveCfg = Debug|Any CPU
		{8222A2B1-9A81-4230-BBCD-39D80A46BE4F}.Debug|x86.Build.0 = Debug|Any CPU
		{8222A2B1-9A81-4230-BBCD-39D80A46BE4F}.Release|Any CPU.ActiveCfg = Release|Any CPU
		{8222A2B1-9A81-4230-BBCD-39D80A46BE4F}.Release|Any CPU.Build.0 = Release|Any CPU
		{8222A2B1-9A81-4230-BBCD-39D80A46BE4F}.Release|x64.ActiveCfg = Release|Any CPU
		{8222A2B1-9A81-4230-BBCD-39D80A46BE4F}.Release|x64.Build.0 = Release|Any CPU
		{8222A2B1-9A81-4230-BBCD-39D80A46BE4F}.Release|x86.ActiveCfg = Release|Any CPU
		{8222A2B1-9A81-4230-BBCD-39D80A46BE4F}.Release|x86.Build.0 = Release|Any CPU
	EndGlobalSection
	GlobalSection(SolutionProperties) = preSolution
		HideSolutionNode = FALSE
	EndGlobalSection
	GlobalSection(ExtensibilityGlobals) = postSolution
		SolutionGuid = {8FD39BD1-6B0A-4B89-B510-99A865A40863}
	EndGlobalSection
EndGlobal
